
Microsoft Visual Studio Solution File, Format Version 12.00
# Visual Studio Version 17
VisualStudioVersion = 17.3.32929.385
MinimumVisualStudioVersion = 10.0.40219.1
Project("{FAE04EC0-301F-11D3-BF4B-00C04F79EFBC}") = "console-app-1", "console-app-1\console-app-1.csproj", "{DCB70D8D-E19C-4FD9-BA95-547F33D67141}"
EndProject
Global
	GlobalSection(SolutionConfigurationPlatforms) = preSolution
		Debug|Any CPU = Debug|Any CPU
		Release|Any CPU = Release|Any CPU
	EndGlobalSection
	GlobalSection(ProjectConfigurationPlatforms) = postSolution
		{DCB70D8D-E19C-4FD9-BA95-547F33D67141}.Debug|Any CPU.ActiveCfg = Debug|Any CPU
		{DCB70D8D-E19C-4FD9-BA95-547F33D67141}.Debug|Any CPU.Build.0 = Debug|Any CPU
		{DCB70D8D-E19C-4FD9-BA95-547F33D67141}.Release|Any CPU.ActiveCfg = Release|Any CPU
		{DCB70D8D-E19C-4FD9-BA95-547F33D67141}.Release|Any CPU.Build.0 = Release|Any CPU
	EndGlobalSection
	GlobalSection(SolutionProperties) = preSolution
		HideSolutionNode = FALSE
	EndGlobalSection
	GlobalSection(ExtensibilityGlobals) = postSolution
		SolutionGuid = {298062BF-47BB-4973-9D0D-A69C4475D73F}
	EndGlobalSection
EndGlobal
