
Microsoft Visual Studio Solution File, Format Version 12.00
# Visual Studio Version 17
VisualStudioVersion = 17.3.32929.385
MinimumVisualStudioVersion = 10.0.40219.1
Project("{9A19103F-16F7-4668-BE54-9A1E7A4F7556}") = "TestStruct", "TestStuct\TestStruct.csproj", "{0C3E0340-C0F9-4B15-B3A3-EB51EC252527}"
EndProject
Project("{9A19103F-16F7-4668-BE54-9A1E7A4F7556}") = "bai1", "bai1\bai1.csproj", "{F3B9BFFE-069F-4EBC-B1A8-33ACEBE690EC}"
EndProject
Project("{9A19103F-16F7-4668-BE54-9A1E7A4F7556}") = "bai2", "bai2\bai2.csproj", "{439DBBC2-3673-4E0E-904C-87909151C157}"
EndProject
Project("{FAE04EC0-301F-11D3-BF4B-00C04F79EFBC}") = "Bai2FixGit", "ConsoleApp1\Bai2FixGit.csproj", "{23FDF55C-799B-47F5-AA0D-F3B7BCAF18D6}"
EndProject
Global
	GlobalSection(SolutionConfigurationPlatforms) = preSolution
		Debug|Any CPU = Debug|Any CPU
		Release|Any CPU = Release|Any CPU
	EndGlobalSection
	GlobalSection(ProjectConfigurationPlatforms) = postSolution
		{0C3E0340-C0F9-4B15-B3A3-EB51EC252527}.Debug|Any CPU.ActiveCfg = Debug|Any CPU
		{0C3E0340-C0F9-4B15-B3A3-EB51EC252527}.Debug|Any CPU.Build.0 = Debug|Any CPU
		{0C3E0340-C0F9-4B15-B3A3-EB51EC252527}.Release|Any CPU.ActiveCfg = Release|Any CPU
		{0C3E0340-C0F9-4B15-B3A3-EB51EC252527}.Release|Any CPU.Build.0 = Release|Any CPU
		{F3B9BFFE-069F-4EBC-B1A8-33ACEBE690EC}.Debug|Any CPU.ActiveCfg = Debug|Any CPU
		{F3B9BFFE-069F-4EBC-B1A8-33ACEBE690EC}.Debug|Any CPU.Build.0 = Debug|Any CPU
		{F3B9BFFE-069F-4EBC-B1A8-33ACEBE690EC}.Release|Any CPU.ActiveCfg = Release|Any CPU
		{F3B9BFFE-069F-4EBC-B1A8-33ACEBE690EC}.Release|Any CPU.Build.0 = Release|Any CPU
		{439DBBC2-3673-4E0E-904C-87909151C157}.Debug|Any CPU.ActiveCfg = Debug|Any CPU
		{439DBBC2-3673-4E0E-904C-87909151C157}.Debug|Any CPU.Build.0 = Debug|Any CPU
		{439DBBC2-3673-4E0E-904C-87909151C157}.Release|Any CPU.ActiveCfg = Release|Any CPU
		{439DBBC2-3673-4E0E-904C-87909151C157}.Release|Any CPU.Build.0 = Release|Any CPU
		{23FDF55C-799B-47F5-AA0D-F3B7BCAF18D6}.Debug|Any CPU.ActiveCfg = Debug|Any CPU
		{23FDF55C-799B-47F5-AA0D-F3B7BCAF18D6}.Debug|Any CPU.Build.0 = Debug|Any CPU
		{23FDF55C-799B-47F5-AA0D-F3B7BCAF18D6}.Release|Any CPU.ActiveCfg = Release|Any CPU
		{23FDF55C-799B-47F5-AA0D-F3B7BCAF18D6}.Release|Any CPU.Build.0 = Release|Any CPU
	EndGlobalSection
	GlobalSection(SolutionProperties) = preSolution
		HideSolutionNode = FALSE
	EndGlobalSection
	GlobalSection(ExtensibilityGlobals) = postSolution
		SolutionGuid = {1929A19A-6D99-4549-8F7D-3248DEA5E544}
	EndGlobalSection
EndGlobal
